
Microsoft Visual Studio Solution File, Format Version 12.00
# Visual Studio 2013
VisualStudioVersion = 12.0.40629.0
MinimumVisualStudioVersion = 10.0.40219.1
Project("{FAE04EC0-301F-11D3-BF4B-00C04F79EFBC}") = "gpTest", "gpTest\gpTest.csproj", "{1006D1E4-97F0-4390-A9C9-1E0A2C80ACC1}"
EndProject
Global
	GlobalSection(SolutionConfigurationPlatforms) = preSolution
		Debug|x86 = Debug|x86
		Release|x86 = Release|x86
	EndGlobalSection
	GlobalSection(ProjectConfigurationPlatforms) = postSolution
		{1006D1E4-97F0-4390-A9C9-1E0A2C80ACC1}.Debug|x86.ActiveCfg = Debug|x86
		{1006D1E4-97F0-4390-A9C9-1E0A2C80ACC1}.Debug|x86.Build.0 = Debug|x86
		{1006D1E4-97F0-4390-A9C9-1E0A2C80ACC1}.Release|x86.ActiveCfg = Release|x86
		{1006D1E4-97F0-4390-A9C9-1E0A2C80ACC1}.Release|x86.Build.0 = Release|x86
	EndGlobalSection
	GlobalSection(SolutionProperties) = preSolution
		HideSolutionNode = FALSE
	EndGlobalSection
EndGlobal
